
Microsoft Visual Studio Solution File, Format Version 12.00
# Visual Studio Version 17
VisualStudioVersion = 17.5.33516.290
MinimumVisualStudioVersion = 10.0.40219.1
Project("{FAE04EC0-301F-11D3-BF4B-00C04F79EFBC}") = "CarRental", "CarRental\CarRental.csproj", "{3125BB6C-9C7F-4868-8041-A8AA802D1456}"
EndProject
Global
	GlobalSection(SolutionConfigurationPlatforms) = preSolution
		Debug|Any CPU = Debug|Any CPU
		Release|Any CPU = Release|Any CPU
	EndGlobalSection
	GlobalSection(ProjectConfigurationPlatforms) = postSolution
		{3125BB6C-9C7F-4868-8041-A8AA802D1456}.Debug|Any CPU.ActiveCfg = Debug|Any CPU
		{3125BB6C-9C7F-4868-8041-A8AA802D1456}.Debug|Any CPU.Build.0 = Debug|Any CPU
		{3125BB6C-9C7F-4868-8041-A8AA802D1456}.Release|Any CPU.ActiveCfg = Release|Any CPU
		{3125BB6C-9C7F-4868-8041-A8AA802D1456}.Release|Any CPU.Build.0 = Release|Any CPU
	EndGlobalSection
	GlobalSection(SolutionProperties) = preSolution
		HideSolutionNode = FALSE
	EndGlobalSection
	GlobalSection(ExtensibilityGlobals) = postSolution
		SolutionGuid = {3DEC4070-F4C2-4E59-ABB8-D415C3ABF971}
	EndGlobalSection
EndGlobal
